
Microsoft Visual Studio Solution File, Format Version 12.00
# Visual Studio 15
VisualStudioVersion = 15.0.28307.421
MinimumVisualStudioVersion = 10.0.40219.1
Project("{FAE04EC0-301F-11D3-BF4B-00C04F79EFBC}") = "OnlineShoppingCore", "OnlineShoppingCore\OnlineShoppingCore.csproj", "{C3568503-60BA-4B9E-A045-C6B3669D685C}"
EndProject
Global
	GlobalSection(SolutionConfigurationPlatforms) = preSolution
		Debug|Any CPU = Debug|Any CPU
		Release|Any CPU = Release|Any CPU
	EndGlobalSection
	GlobalSection(ProjectConfigurationPlatforms) = postSolution
		{C3568503-60BA-4B9E-A045-C6B3669D685C}.Debug|Any CPU.ActiveCfg = Debug|Any CPU
		{C3568503-60BA-4B9E-A045-C6B3669D685C}.Debug|Any CPU.Build.0 = Debug|Any CPU
		{C3568503-60BA-4B9E-A045-C6B3669D685C}.Release|Any CPU.ActiveCfg = Release|Any CPU
		{C3568503-60BA-4B9E-A045-C6B3669D685C}.Release|Any CPU.Build.0 = Release|Any CPU
	EndGlobalSection
	GlobalSection(SolutionProperties) = preSolution
		HideSolutionNode = FALSE
	EndGlobalSection
	GlobalSection(ExtensibilityGlobals) = postSolution
		SolutionGuid = {4111E672-12FF-42DE-BCFF-6539AE9C1AE2}
	EndGlobalSection
EndGlobal
